
Microsoft Visual Studio Solution File, Format Version 12.00
# Visual Studio 2012
Project("{2150E333-8FDC-42A3-9474-1A3956D46DE8}") = "src", "src", "{0FCFE801-AD74-4105-907E-72C4F815B531}"
EndProject
Project("{FAE04EC0-301F-11D3-BF4B-00C04F79EFBC}") = "SolThoth.PublicProfile.SharedTypes", "src\SolThoth.PublicProfile.SharedTypes\SolThoth.PublicProfile.SharedTypes.csproj", "{A5C2274A-3DE5-494B-940E-ADE59A3FC5CF}"
EndProject
Project("{FAE04EC0-301F-11D3-BF4B-00C04F79EFBC}") = "SolThoth.PublicProfile.Website", "src\SolThoth.PublicProfile.Website\SolThoth.PublicProfile.Website.csproj", "{9A839DFC-07A1-4B8E-A312-02A2E9B77BF3}"
EndProject
Project("{FAE04EC0-301F-11D3-BF4B-00C04F79EFBC}") = "SolThoth.PublicProfile.DataAccess", "src\SolThoth.PublicProfile.DataAccess\SolThoth.PublicProfile.DataAccess.csproj", "{585C54BD-0480-4C64-B59A-FE360C2061C3}"
EndProject
Global
	GlobalSection(SolutionConfigurationPlatforms) = preSolution
		Debug|Any CPU = Debug|Any CPU
		Release|Any CPU = Release|Any CPU
		Debug|x64 = Debug|x64
		Debug|x86 = Debug|x86
		Release|x64 = Release|x64
		Release|x86 = Release|x86
	EndGlobalSection
	GlobalSection(ProjectConfigurationPlatforms) = postSolution
		{9A839DFC-07A1-4B8E-A312-02A2E9B77BF3}.Debug|Any CPU.ActiveCfg = Debug|Any CPU
		{9A839DFC-07A1-4B8E-A312-02A2E9B77BF3}.Debug|Any CPU.Build.0 = Debug|Any CPU
		{9A839DFC-07A1-4B8E-A312-02A2E9B77BF3}.Release|Any CPU.ActiveCfg = Release|Any CPU
		{9A839DFC-07A1-4B8E-A312-02A2E9B77BF3}.Release|Any CPU.Build.0 = Release|Any CPU
		{A5C2274A-3DE5-494B-940E-ADE59A3FC5CF}.Debug|Any CPU.ActiveCfg = Debug|Any CPU
		{A5C2274A-3DE5-494B-940E-ADE59A3FC5CF}.Debug|Any CPU.Build.0 = Debug|Any CPU
		{A5C2274A-3DE5-494B-940E-ADE59A3FC5CF}.Debug|x64.ActiveCfg = Debug|x64
		{A5C2274A-3DE5-494B-940E-ADE59A3FC5CF}.Debug|x64.Build.0 = Debug|x64
		{A5C2274A-3DE5-494B-940E-ADE59A3FC5CF}.Debug|x86.ActiveCfg = Debug|x86
		{A5C2274A-3DE5-494B-940E-ADE59A3FC5CF}.Debug|x86.Build.0 = Debug|x86
		{A5C2274A-3DE5-494B-940E-ADE59A3FC5CF}.Release|Any CPU.ActiveCfg = Release|Any CPU
		{A5C2274A-3DE5-494B-940E-ADE59A3FC5CF}.Release|Any CPU.Build.0 = Release|Any CPU
		{A5C2274A-3DE5-494B-940E-ADE59A3FC5CF}.Release|x64.ActiveCfg = Release|x64
		{A5C2274A-3DE5-494B-940E-ADE59A3FC5CF}.Release|x64.Build.0 = Release|x64
		{A5C2274A-3DE5-494B-940E-ADE59A3FC5CF}.Release|x86.ActiveCfg = Release|x86
		{A5C2274A-3DE5-494B-940E-ADE59A3FC5CF}.Release|x86.Build.0 = Release|x86
		{585C54BD-0480-4C64-B59A-FE360C2061C3}.Debug|Any CPU.ActiveCfg = Debug|Any CPU
		{585C54BD-0480-4C64-B59A-FE360C2061C3}.Debug|Any CPU.Build.0 = Debug|Any CPU
		{585C54BD-0480-4C64-B59A-FE360C2061C3}.Release|Any CPU.ActiveCfg = Release|Any CPU
		{585C54BD-0480-4C64-B59A-FE360C2061C3}.Release|Any CPU.Build.0 = Release|Any CPU
		{585C54BD-0480-4C64-B59A-FE360C2061C3}.Debug|x64.ActiveCfg = Debug|Any CPU
		{585C54BD-0480-4C64-B59A-FE360C2061C3}.Debug|x64.Build.0 = Debug|Any CPU
		{585C54BD-0480-4C64-B59A-FE360C2061C3}.Debug|x86.ActiveCfg = Debug|Any CPU
		{585C54BD-0480-4C64-B59A-FE360C2061C3}.Debug|x86.Build.0 = Debug|Any CPU
		{585C54BD-0480-4C64-B59A-FE360C2061C3}.Release|x64.ActiveCfg = Release|Any CPU
		{585C54BD-0480-4C64-B59A-FE360C2061C3}.Release|x64.Build.0 = Release|Any CPU
		{585C54BD-0480-4C64-B59A-FE360C2061C3}.Release|x86.ActiveCfg = Release|Any CPU
		{585C54BD-0480-4C64-B59A-FE360C2061C3}.Release|x86.Build.0 = Release|Any CPU
	EndGlobalSection
	GlobalSection(NestedProjects) = preSolution
		{A5C2274A-3DE5-494B-940E-ADE59A3FC5CF} = {0FCFE801-AD74-4105-907E-72C4F815B531}
		{9A839DFC-07A1-4B8E-A312-02A2E9B77BF3} = {0FCFE801-AD74-4105-907E-72C4F815B531}
		{585C54BD-0480-4C64-B59A-FE360C2061C3} = {0FCFE801-AD74-4105-907E-72C4F815B531}
	EndGlobalSection
EndGlobal
